// !$*UTF8*$!
{
	archiveVersion = 1;
	classes = {
	};
	objectVersion = 48;
	objects = {

/* Begin PBXBuildFile section */
		8435F3702017117700710682 /* BaseViewController.swift in Sources */ = {isa = PBXBuildFile; fileRef = 8435F36F2017117700710682 /* BaseViewController.swift */; };
		8435F372201714DD00710682 /* ApplicationContants.swift in Sources */ = {isa = PBXBuildFile; fileRef = 8435F371201714DD00710682 /* ApplicationContants.swift */; };
		8435F3742017486F00710682 /* UserDefaultUtility.swift in Sources */ = {isa = PBXBuildFile; fileRef = 8435F3732017486F00710682 /* UserDefaultUtility.swift */; };
		84A550501FFE3796000DCE81 /* AppDelegate.swift in Sources */ = {isa = PBXBuildFile; fileRef = 84A5504F1FFE3796000DCE81 /* AppDelegate.swift */; };
		84A550521FFE3796000DCE81 /* ViewController.swift in Sources */ = {isa = PBXBuildFile; fileRef = 84A550511FFE3796000DCE81 /* ViewController.swift */; };
		84A550551FFE3796000DCE81 /* Main.storyboard in Resources */ = {isa = PBXBuildFile; fileRef = 84A550531FFE3796000DCE81 /* Main.storyboard */; };
		84A550571FFE3796000DCE81 /* Assets.xcassets in Resources */ = {isa = PBXBuildFile; fileRef = 84A550561FFE3796000DCE81 /* Assets.xcassets */; };
		84A5505A1FFE3796000DCE81 /* LaunchScreen.storyboard in Resources */ = {isa = PBXBuildFile; fileRef = 84A550581FFE3796000DCE81 /* LaunchScreen.storyboard */; };
		84A550651FFE3796000DCE81 /* PermissionModelTests.swift in Sources */ = {isa = PBXBuildFile; fileRef = 84A550641FFE3796000DCE81 /* PermissionModelTests.swift */; };
		84A550701FFE3796000DCE81 /* PermissionModelUITests.swift in Sources */ = {isa = PBXBuildFile; fileRef = 84A5506F1FFE3796000DCE81 /* PermissionModelUITests.swift */; };
		84A5507E1FFE37D1000DCE81 /* ApplicationPermissionModel.swift in Sources */ = {isa = PBXBuildFile; fileRef = 84A5507D1FFE37D1000DCE81 /* ApplicationPermissionModel.swift */; };
		84F3C542201058F3008A042E /* ApplicationRequiredPermission.swift in Sources */ = {isa = PBXBuildFile; fileRef = 84F3C541201058F3008A042E /* ApplicationRequiredPermission.swift */; };
/* End PBXBuildFile section */

/* Begin PBXContainerItemProxy section */
		84A550611FFE3796000DCE81 /* PBXContainerItemProxy */ = {
			isa = PBXContainerItemProxy;
			containerPortal = 84A550441FFE3795000DCE81 /* Project object */;
			proxyType = 1;
			remoteGlobalIDString = 84A5504B1FFE3795000DCE81;
			remoteInfo = PermissionModel;
		};
		84A5506C1FFE3796000DCE81 /* PBXContainerItemProxy */ = {
			isa = PBXContainerItemProxy;
			containerPortal = 84A550441FFE3795000DCE81 /* Project object */;
			proxyType = 1;
			remoteGlobalIDString = 84A5504B1FFE3795000DCE81;
			remoteInfo = PermissionModel;
		};
/* End PBXContainerItemProxy section */

/* Begin PBXFileReference section */
		8435F36F2017117700710682 /* BaseViewController.swift */ = {isa = PBXFileReference; lastKnownFileType = sourcecode.swift; path = BaseViewController.swift; sourceTree = "<group>"; };
		8435F371201714DD00710682 /* ApplicationContants.swift */ = {isa = PBXFileReference; lastKnownFileType = sourcecode.swift; path = ApplicationContants.swift; sourceTree = "<group>"; };
		8435F3732017486F00710682 /* UserDefaultUtility.swift */ = {isa = PBXFileReference; lastKnownFileType = sourcecode.swift; path = UserDefaultUtility.swift; sourceTree = "<group>"; };
		84A5504C1FFE3796000DCE81 /* PermissionModel.app */ = {isa = PBXFileReference; explicitFileType = wrapper.application; includeInIndex = 0; path = PermissionModel.app; sourceTree = BUILT_PRODUCTS_DIR; };
		84A5504F1FFE3796000DCE81 /* AppDelegate.swift */ = {isa = PBXFileReference; lastKnownFileType = sourcecode.swift; path = AppDelegate.swift; sourceTree = "<group>"; };
		84A550511FFE3796000DCE81 /* ViewController.swift */ = {isa = PBXFileReference; lastKnownFileType = sourcecode.swift; path = ViewController.swift; sourceTree = "<group>"; };
		84A550541FFE3796000DCE81 /* Base */ = {isa = PBXFileReference; lastKnownFileType = file.storyboard; name = Base; path = Base.lproj/Main.storyboard; sourceTree = "<group>"; };
		84A550561FFE3796000DCE81 /* Assets.xcassets */ = {isa = PBXFileReference; lastKnownFileType = folder.assetcatalog; path = Assets.xcassets; sourceTree = "<group>"; };
		84A550591FFE3796000DCE81 /* Base */ = {isa = PBXFileReference; lastKnownFileType = file.storyboard; name = Base; path = Base.lproj/LaunchScreen.storyboard; sourceTree = "<group>"; };
		84A5505B1FFE3796000DCE81 /* Info.plist */ = {isa = PBXFileReference; lastKnownFileType = text.plist.xml; path = Info.plist; sourceTree = "<group>"; };
		84A550601FFE3796000DCE81 /* PermissionModelTests.xctest */ = {isa = PBXFileReference; explicitFileType = wrapper.cfbundle; includeInIndex = 0; path = PermissionModelTests.xctest; sourceTree = BUILT_PRODUCTS_DIR; };
		84A550641FFE3796000DCE81 /* PermissionModelTests.swift */ = {isa = PBXFileReference; lastKnownFileType = sourcecode.swift; path = PermissionModelTests.swift; sourceTree = "<group>"; };
		84A550661FFE3796000DCE81 /* Info.plist */ = {isa = PBXFileReference; lastKnownFileType = text.plist.xml; path = Info.plist; sourceTree = "<group>"; };
		84A5506B1FFE3796000DCE81 /* PermissionModelUITests.xctest */ = {isa = PBXFileReference; explicitFileType = wrapper.cfbundle; includeInIndex = 0; path = PermissionModelUITests.xctest; sourceTree = BUILT_PRODUCTS_DIR; };
		84A5506F1FFE3796000DCE81 /* PermissionModelUITests.swift */ = {isa = PBXFileReference; lastKnownFileType = sourcecode.swift; path = PermissionModelUITests.swift; sourceTree = "<group>"; };
		84A550711FFE3796000DCE81 /* Info.plist */ = {isa = PBXFileReference; lastKnownFileType = text.plist.xml; path = Info.plist; sourceTree = "<group>"; };
		84A5507D1FFE37D1000DCE81 /* ApplicationPermissionModel.swift */ = {isa = PBXFileReference; lastKnownFileType = sourcecode.swift; path = ApplicationPermissionModel.swift; sourceTree = "<group>"; };
		84F3C541201058F3008A042E /* ApplicationRequiredPermission.swift */ = {isa = PBXFileReference; lastKnownFileType = sourcecode.swift; path = ApplicationRequiredPermission.swift; sourceTree = "<group>"; };
/* End PBXFileReference section */

/* Begin PBXFrameworksBuildPhase section */
		84A550491FFE3795000DCE81 /* Frameworks */ = {
			isa = PBXFrameworksBuildPhase;
			buildActionMask = 2147483647;
			files = (
			);
			runOnlyForDeploymentPostprocessing = 0;
		};
		84A5505D1FFE3796000DCE81 /* Frameworks */ = {
			isa = PBXFrameworksBuildPhase;
			buildActionMask = 2147483647;
			files = (
			);
			runOnlyForDeploymentPostprocessing = 0;
		};
		84A550681FFE3796000DCE81 /* Frameworks */ = {
			isa = PBXFrameworksBuildPhase;
			buildActionMask = 2147483647;
			files = (
			);
			runOnlyForDeploymentPostprocessing = 0;
		};
/* End PBXFrameworksBuildPhase section */

/* Begin PBXGroup section */
		84A550431FFE3795000DCE81 = {
			isa = PBXGroup;
			children = (
				84A5504E1FFE3796000DCE81 /* PermissionModel */,
				84A550631FFE3796000DCE81 /* PermissionModelTests */,
				84A5506E1FFE3796000DCE81 /* PermissionModelUITests */,
				84A5504D1FFE3796000DCE81 /* Products */,
			);
			sourceTree = "<group>";
		};
		84A5504D1FFE3796000DCE81 /* Products */ = {
			isa = PBXGroup;
			children = (
				84A5504C1FFE3796000DCE81 /* PermissionModel.app */,
				84A550601FFE3796000DCE81 /* PermissionModelTests.xctest */,
				84A5506B1FFE3796000DCE81 /* PermissionModelUITests.xctest */,
			);
			name = Products;
			sourceTree = "<group>";
		};
		84A5504E1FFE3796000DCE81 /* PermissionModel */ = {
			isa = PBXGroup;
			children = (
				84A5504F1FFE3796000DCE81 /* AppDelegate.swift */,
				84A550511FFE3796000DCE81 /* ViewController.swift */,
				84A550531FFE3796000DCE81 /* Main.storyboard */,
				84A550561FFE3796000DCE81 /* Assets.xcassets */,
				84A550581FFE3796000DCE81 /* LaunchScreen.storyboard */,
				84A5505B1FFE3796000DCE81 /* Info.plist */,
				84A5507D1FFE37D1000DCE81 /* ApplicationPermissionModel.swift */,
				84F3C541201058F3008A042E /* ApplicationRequiredPermission.swift */,
				8435F36F2017117700710682 /* BaseViewController.swift */,
				8435F371201714DD00710682 /* ApplicationContants.swift */,
				8435F3732017486F00710682 /* UserDefaultUtility.swift */,
			);
			path = PermissionModel;
			sourceTree = "<group>";
		};
		84A550631FFE3796000DCE81 /* PermissionModelTests */ = {
			isa = PBXGroup;
			children = (
				84A550641FFE3796000DCE81 /* PermissionModelTests.swift */,
				84A550661FFE3796000DCE81 /* Info.plist */,
			);
			path = PermissionModelTests;
			sourceTree = "<group>";
		};
		84A5506E1FFE3796000DCE81 /* PermissionModelUITests */ = {
			isa = PBXGroup;
			children = (
				84A5506F1FFE3796000DCE81 /* PermissionModelUITests.swift */,
				84A550711FFE3796000DCE81 /* Info.plist */,
			);
			path = PermissionModelUITests;
			sourceTree = "<group>";
		};
/* End PBXGroup section */

/* Begin PBXNativeTarget section */
		84A5504B1FFE3795000DCE81 /* PermissionModel */ = {
			isa = PBXNativeTarget;
			buildConfigurationList = 84A550741FFE3796000DCE81 /* Build configuration list for PBXNativeTarget "PermissionModel" */;
			buildPhases = (
				84A550481FFE3795000DCE81 /* Sources */,
				84A550491FFE3795000DCE81 /* Frameworks */,
				84A5504A1FFE3795000DCE81 /* Resources */,
			);
			buildRules = (
			);
			dependencies = (
			);
			name = PermissionModel;
			productName = PermissionModel;
			productReference = 84A5504C1FFE3796000DCE81 /* PermissionModel.app */;
			productType = "com.apple.product-type.application";
		};
		84A5505F1FFE3796000DCE81 /* PermissionModelTests */ = {
			isa = PBXNativeTarget;
			buildConfigurationList = 84A550771FFE3796000DCE81 /* Build configuration list for PBXNativeTarget "PermissionModelTests" */;
			buildPhases = (
				84A5505C1FFE3796000DCE81 /* Sources */,
				84A5505D1FFE3796000DCE81 /* Frameworks */,
				84A5505E1FFE3796000DCE81 /* Resources */,
			);
			buildRules = (
			);
			dependencies = (
				84A550621FFE3796000DCE81 /* PBXTargetDependency */,
			);
			name = PermissionModelTests;
			productName = PermissionModelTests;
			productReference = 84A550601FFE3796000DCE81 /* PermissionModelTests.xctest */;
			productType = "com.apple.product-type.bundle.unit-test";
		};
		84A5506A1FFE3796000DCE81 /* PermissionModelUITests */ = {
			isa = PBXNativeTarget;
			buildConfigurationList = 84A5507A1FFE3796000DCE81 /* Build configuration list for PBXNativeTarget "PermissionModelUITests" */;
			buildPhases = (
				84A550671FFE3796000DCE81 /* Sources */,
				84A550681FFE3796000DCE81 /* Frameworks */,
				84A550691FFE3796000DCE81 /* Resources */,
			);
			buildRules = (
			);
			dependencies = (
				84A5506D1FFE3796000DCE81 /* PBXTargetDependency */,
			);
			name = PermissionModelUITests;
			productName = PermissionModelUITests;
			productReference = 84A5506B1FFE3796000DCE81 /* PermissionModelUITests.xctest */;
			productType = "com.apple.product-type.bundle.ui-testing";
		};
/* End PBXNativeTarget section */

/* Begin PBXProject section */
		84A550441FFE3795000DCE81 /* Project object */ = {
			isa = PBXProject;
			attributes = {
				LastSwiftUpdateCheck = 0920;
				LastUpgradeCheck = 0920;
				ORGANIZATIONNAME = ISS;
				TargetAttributes = {
					84A5504B1FFE3795000DCE81 = {
						CreatedOnToolsVersion = 9.2;
						ProvisioningStyle = Automatic;
					};
					84A5505F1FFE3796000DCE81 = {
						CreatedOnToolsVersion = 9.2;
						ProvisioningStyle = Automatic;
						TestTargetID = 84A5504B1FFE3795000DCE81;
					};
					84A5506A1FFE3796000DCE81 = {
						CreatedOnToolsVersion = 9.2;
						ProvisioningStyle = Automatic;
						TestTargetID = 84A5504B1FFE3795000DCE81;
					};
				};
			};
			buildConfigurationList = 84A550471FFE3795000DCE81 /* Build configuration list for PBXProject "PermissionModel" */;
			compatibilityVersion = "Xcode 8.0";
			developmentRegion = en;
			hasScannedForEncodings = 0;
			knownRegions = (
				en,
				Base,
			);
			mainGroup = 84A550431FFE3795000DCE81;
			productRefGroup = 84A5504D1FFE3796000DCE81 /* Products */;
			projectDirPath = "";
			projectRoot = "";
			targets = (
				84A5504B1FFE3795000DCE81 /* PermissionModel */,
				84A5505F1FFE3796000DCE81 /* PermissionModelTests */,
				84A5506A1FFE3796000DCE81 /* PermissionModelUITests */,
			);
		};
/* End PBXProject section */

/* Begin PBXResourcesBuildPhase section */
		84A5504A1FFE3795000DCE81 /* Resources */ = {
			isa = PBXResourcesBuildPhase;
			buildActionMask = 2147483647;
			files = (
				84A5505A1FFE3796000DCE81 /* LaunchScreen.storyboard in Resources */,
				84A550571FFE3796000DCE81 /* Assets.xcassets in Resources */,
				84A550551FFE3796000DCE81 /* Main.storyboard in Resources */,
			);
			runOnlyForDeploymentPostprocessing = 0;
		};
		84A5505E1FFE3796000DCE81 /* Resources */ = {
			isa = PBXResourcesBuildPhase;
			buildActionMask = 2147483647;
			files = (
			);
			runOnlyForDeploymentPostprocessing = 0;
		};
		84A550691FFE3796000DCE81 /* Resources */ = {
			isa = PBXResourcesBuildPhase;
			buildActionMask = 2147483647;
			files = (
			);
			runOnlyForDeploymentPostprocessing = 0;
		};
/* End PBXResourcesBuildPhase section */

/* Begin PBXSourcesBuildPhase section */
		84A550481FFE3795000DCE81 /* Sources */ = {
			isa = PBXSourcesBuildPhase;
			buildActionMask = 2147483647;
			files = (
				8435F3702017117700710682 /* BaseViewController.swift in Sources */,
				84F3C542201058F3008A042E /* ApplicationRequiredPermission.swift in Sources */,
				84A550521FFE3796000DCE81 /* ViewController.swift in Sources */,
				84A5507E1FFE37D1000DCE81 /* ApplicationPermissionModel.swift in Sources */,
				8435F372201714DD00710682 /* ApplicationContants.swift in Sources */,
				8435F3742017486F00710682 /* UserDefaultUtility.swift in Sources */,
				84A550501FFE3796000DCE81 /* AppDelegate.swift in Sources */,
			);
			runOnlyForDeploymentPostprocessing = 0;
		};
		84A5505C1FFE3796000DCE81 /* Sources */ = {
			isa = PBXSourcesBuildPhase;
			buildActionMask = 2147483647;
			files = (
				84A550651FFE3796000DCE81 /* PermissionModelTests.swift in Sources */,
			);
			runOnlyForDeploymentPostprocessing = 0;
		};
		84A550671FFE3796000DCE81 /* Sources */ = {
			isa = PBXSourcesBuildPhase;
			buildActionMask = 2147483647;
			files = (
				84A550701FFE3796000DCE81 /* PermissionModelUITests.swift in Sources */,
			);
			runOnlyForDeploymentPostprocessing = 0;
		};
/* End PBXSourcesBuildPhase section */

/* Begin PBXTargetDependency section */
		84A550621FFE3796000DCE81 /* PBXTargetDependency */ = {
			isa = PBXTargetDependency;
			target = 84A5504B1FFE3795000DCE81 /* PermissionModel */;
			targetProxy = 84A550611FFE3796000DCE81 /* PBXContainerItemProxy */;
		};
		84A5506D1FFE3796000DCE81 /* PBXTargetDependency */ = {
			isa = PBXTargetDependency;
			target = 84A5504B1FFE3795000DCE81 /* PermissionModel */;
			targetProxy = 84A5506C1FFE3796000DCE81 /* PBXContainerItemProxy */;
		};
/* End PBXTargetDependency section */

/* Begin PBXVariantGroup section */
		84A550531FFE3796000DCE81 /* Main.storyboard */ = {
			isa = PBXVariantGroup;
			children = (
				84A550541FFE3796000DCE81 /* Base */,
			);
			name = Main.storyboard;
			sourceTree = "<group>";
		};
		84A550581FFE3796000DCE81 /* LaunchScreen.storyboard */ = {
			isa = PBXVariantGroup;
			children = (
				84A550591FFE3796000DCE81 /* Base */,
			);
			name = LaunchScreen.storyboard;
			sourceTree = "<group>";
		};
/* End PBXVariantGroup section */

/* Begin XCBuildConfiguration section */
		84A550721FFE3796000DCE81 /* Debug */ = {
			isa = XCBuildConfiguration;
			buildSettings = {
				ALWAYS_SEARCH_USER_PATHS = NO;
				CLANG_ANALYZER_NONNULL = YES;
				CLANG_ANALYZER_NUMBER_OBJECT_CONVERSION = YES_AGGRESSIVE;
				CLANG_CXX_LANGUAGE_STANDARD = "gnu++14";
				CLANG_CXX_LIBRARY = "libc++";
				CLANG_ENABLE_MODULES = YES;
				CLANG_ENABLE_OBJC_ARC = YES;
				CLANG_WARN_BLOCK_CAPTURE_AUTORELEASING = YES;
				CLANG_WARN_BOOL_CONVERSION = YES;
				CLANG_WARN_COMMA = YES;
				CLANG_WARN_CONSTANT_CONVERSION = YES;
				CLANG_WARN_DIRECT_OBJC_ISA_USAGE = YES_ERROR;
				CLANG_WARN_DOCUMENTATION_COMMENTS = YES;
				CLANG_WARN_EMPTY_BODY = YES;
				CLANG_WARN_ENUM_CONVERSION = YES;
				CLANG_WARN_INFINITE_RECURSION = YES;
				CLANG_WARN_INT_CONVERSION = YES;
				CLANG_WARN_NON_LITERAL_NULL_CONVERSION = YES;
				CLANG_WARN_OBJC_LITERAL_CONVERSION = YES;
				CLANG_WARN_OBJC_ROOT_CLASS = YES_ERROR;
				CLANG_WARN_RANGE_LOOP_ANALYSIS = YES;
				CLANG_WARN_STRICT_PROTOTYPES = YES;
				CLANG_WARN_SUSPICIOUS_MOVE = YES;
				CLANG_WARN_UNGUARDED_AVAILABILITY = YES_AGGRESSIVE;
				CLANG_WARN_UNREACHABLE_CODE = YES;
				CLANG_WARN__DUPLICATE_METHOD_MATCH = YES;
				CODE_SIGN_IDENTITY = "";
				COPY_PHASE_STRIP = NO;
				DEBUG_INFORMATION_FORMAT = dwarf;
				DEVELOPMENT_TEAM = "";
				ENABLE_STRICT_OBJC_MSGSEND = YES;
				ENABLE_TESTABILITY = YES;
				GCC_C_LANGUAGE_STANDARD = gnu11;
				GCC_DYNAMIC_NO_PIC = NO;
				GCC_NO_COMMON_BLOCKS = YES;
				GCC_OPTIMIZATION_LEVEL = 0;
				GCC_PREPROCESSOR_DEFINITIONS = (
					"DEBUG=1",
					"$(inherited)",
				);
				GCC_WARN_64_TO_32_BIT_CONVERSION = YES;
				GCC_WARN_ABOUT_RETURN_TYPE = YES_ERROR;
				GCC_WARN_UNDECLARED_SELECTOR = YES;
				GCC_WARN_UNINITIALIZED_AUTOS = YES_AGGRESSIVE;
				GCC_WARN_UNUSED_FUNCTION = YES;
				GCC_WARN_UNUSED_VARIABLE = YES;
				IPHONEOS_DEPLOYMENT_TARGET = 11.2;
				MTL_ENABLE_DEBUG_INFO = YES;
				ONLY_ACTIVE_ARCH = YES;
				PROVISIONING_PROFILE = "";
				SDKROOT = iphoneos;
				SWIFT_ACTIVE_COMPILATION_CONDITIONS = DEBUG;
				SWIFT_OPTIMIZATION_LEVEL = "-Onone";
			};
			name = Debug;
		};
		84A550731FFE3796000DCE81 /* Release */ = {
			isa = XCBuildConfiguration;
			buildSettings = {
				ALWAYS_SEARCH_USER_PATHS = NO;
				CLANG_ANALYZER_NONNULL = YES;
				CLANG_ANALYZER_NUMBER_OBJECT_CONVERSION = YES_AGGRESSIVE;
				CLANG_CXX_LANGUAGE_STANDARD = "gnu++14";
				CLANG_CXX_LIBRARY = "libc++";
				CLANG_ENABLE_MODULES = YES;
				CLANG_ENABLE_OBJC_ARC = YES;
				CLANG_WARN_BLOCK_CAPTURE_AUTORELEASING = YES;
				CLANG_WARN_BOOL_CONVERSION = YES;
				CLANG_WARN_COMMA = YES;
				CLANG_WARN_CONSTANT_CONVERSION = YES;
				CLANG_WARN_DIRECT_OBJC_ISA_USAGE = YES_ERROR;
				CLANG_WARN_DOCUMENTATION_COMMENTS = YES;
				CLANG_WARN_EMPTY_BODY = YES;
				CLANG_WARN_ENUM_CONVERSION = YES;
				CLANG_WARN_INFINITE_RECURSION = YES;
				CLANG_WARN_INT_CONVERSION = YES;
				CLANG_WARN_NON_LITERAL_NULL_CONVERSION = YES;
				CLANG_WARN_OBJC_LITERAL_CONVERSION = YES;
				CLANG_WARN_OBJC_ROOT_CLASS = YES_ERROR;
				CLANG_WARN_RANGE_LOOP_ANALYSIS = YES;
				CLANG_WARN_STRICT_PROTOTYPES = YES;
				CLANG_WARN_SUSPICIOUS_MOVE = YES;
				CLANG_WARN_UNGUARDED_AVAILABILITY = YES_AGGRESSIVE;
				CLANG_WARN_UNREACHABLE_CODE = YES;
				CLANG_WARN__DUPLICATE_METHOD_MATCH = YES;
				CODE_SIGN_IDENTITY = "";
				COPY_PHASE_STRIP = NO;
				DEBUG_INFORMATION_FORMAT = "dwarf-with-dsym";
				DEVELOPMENT_TEAM = "";
				ENABLE_NS_ASSERTIONS = NO;
				ENABLE_STRICT_OBJC_MSGSEND = YES;
				GCC_C_LANGUAGE_STANDARD = gnu11;
				GCC_NO_COMMON_BLOCKS = YES;
				GCC_WARN_64_TO_32_BIT_CONVERSION = YES;
				GCC_WARN_ABOUT_RETURN_TYPE = YES_ERROR;
				GCC_WARN_UNDECLARED_SELECTOR = YES;
				GCC_WARN_UNINITIALIZED_AUTOS = YES_AGGRESSIVE;
				GCC_WARN_UNUSED_FUNCTION = YES;
				GCC_WARN_UNUSED_VARIABLE = YES;
				IPHONEOS_DEPLOYMENT_TARGET = 11.2;
				MTL_ENABLE_DEBUG_INFO = NO;
				PROVISIONING_PROFILE = "";
				SDKROOT = iphoneos;
				SWIFT_OPTIMIZATION_LEVEL = "-Owholemodule";
				VALIDATE_PRODUCT = YES;
			};
			name = Release;
		};
		84A550751FFE3796000DCE81 /* Debug */ = {
			isa = XCBuildConfiguration;
			buildSettings = {
				ASSETCATALOG_COMPILER_APPICON_NAME = AppIcon;
				CODE_SIGN_IDENTITY = "";
				"CODE_SIGN_IDENTITY[sdk=iphoneos*]" = "";
				CODE_SIGN_STYLE = Automatic;
				DEVELOPMENT_TEAM = "";
				INFOPLIST_FILE = PermissionModel/Info.plist;
				IPHONEOS_DEPLOYMENT_TARGET = 10.0;
				LD_RUNPATH_SEARCH_PATHS = "$(inherited) @executable_path/Frameworks";
				PRODUCT_BUNDLE_IDENTIFIER = com.iss.issadmin;
				PRODUCT_NAME = "$(TARGET_NAME)";
				PROVISIONING_PROFILE = "";
				PROVISIONING_PROFILE_SPECIFIER = "";
				SWIFT_VERSION = 4.0;
				TARGETED_DEVICE_FAMILY = "1,2";
			};
			name = Debug;
		};
		84A550761FFE3796000DCE81 /* Release */ = {
			isa = XCBuildConfiguration;
			buildSettings = {
				ASSETCATALOG_COMPILER_APPICON_NAME = AppIcon;
				CODE_SIGN_IDENTITY = "";
				"CODE_SIGN_IDENTITY[sdk=iphoneos*]" = "";
				CODE_SIGN_STYLE = Automatic;
				DEVELOPMENT_TEAM = "";
				INFOPLIST_FILE = PermissionModel/Info.plist;
				IPHONEOS_DEPLOYMENT_TARGET = 10.0;
				LD_RUNPATH_SEARCH_PATHS = "$(inherited) @executable_path/Frameworks";
				PRODUCT_BUNDLE_IDENTIFIER = com.iss.issadmin;
				PRODUCT_NAME = "$(TARGET_NAME)";
				PROVISIONING_PROFILE = "";
				PROVISIONING_PROFILE_SPECIFIER = "";
				SWIFT_VERSION = 4.0;
				TARGETED_DEVICE_FAMILY = "1,2";
			};
			name = Release;
		};
		84A550781FFE3796000DCE81 /* Debug */ = {
			isa = XCBuildConfiguration;
			buildSettings = {
				ALWAYS_EMBED_SWIFT_STANDARD_LIBRARIES = YES;
				BUNDLE_LOADER = "$(TEST_HOST)";
				CODE_SIGN_STYLE = Automatic;
				INFOPLIST_FILE = PermissionModelTests/Info.plist;
				LD_RUNPATH_SEARCH_PATHS = "$(inherited) @executable_path/Frameworks @loader_path/Frameworks";
				PRODUCT_BUNDLE_IDENTIFIER = com.ISS.PermissionModelTests;
				PRODUCT_NAME = "$(TARGET_NAME)";
				SWIFT_VERSION = 4.0;
				TARGETED_DEVICE_FAMILY = "1,2";
				TEST_HOST = "$(BUILT_PRODUCTS_DIR)/PermissionModel.app/PermissionModel";
			};
			name = Debug;
		};
		84A550791FFE3796000DCE81 /* Release */ = {
			isa = XCBuildConfiguration;
			buildSettings = {
				ALWAYS_EMBED_SWIFT_STANDARD_LIBRARIES = YES;
				BUNDLE_LOADER = "$(TEST_HOST)";
				CODE_SIGN_STYLE = Automatic;
				INFOPLIST_FILE = PermissionModelTests/Info.plist;
				LD_RUNPATH_SEARCH_PATHS = "$(inherited) @executable_path/Frameworks @loader_path/Frameworks";
				PRODUCT_BUNDLE_IDENTIFIER = com.ISS.PermissionModelTests;
				PRODUCT_NAME = "$(TARGET_NAME)";
				SWIFT_VERSION = 4.0;
				TARGETED_DEVICE_FAMILY = "1,2";
				TEST_HOST = "$(BUILT_PRODUCTS_DIR)/PermissionModel.app/PermissionModel";
			};
			name = Release;
		};
		84A5507B1FFE3796000DCE81 /* Debug */ = {
			isa = XCBuildConfiguration;
			buildSettings = {
				ALWAYS_EMBED_SWIFT_STANDARD_LIBRARIES = YES;
				CODE_SIGN_STYLE = Automatic;
				INFOPLIST_FILE = PermissionModelUITests/Info.plist;
				LD_RUNPATH_SEARCH_PATHS = "$(inherited) @executable_path/Frameworks @loader_path/Frameworks";
				PRODUCT_BUNDLE_IDENTIFIER = com.ISS.PermissionModelUITests;
				PRODUCT_NAME = "$(TARGET_NAME)";
				SWIFT_VERSION = 4.0;
				TARGETED_DEVICE_FAMILY = "1,2";
				TEST_TARGET_NAME = PermissionModel;
			};
			name = Debug;
		};
		84A5507C1FFE3796000DCE81 /* Release */ = {
			isa = XCBuildConfiguration;
			buildSettings = {
				ALWAYS_EMBED_SWIFT_STANDARD_LIBRARIES = YES;
				CODE_SIGN_STYLE = Automatic;
				INFOPLIST_FILE = PermissionModelUITests/Info.plist;
				LD_RUNPATH_SEARCH_PATHS = "$(inherited) @executable_path/Frameworks @loader_path/Frameworks";
				PRODUCT_BUNDLE_IDENTIFIER = com.ISS.PermissionModelUITests;
				PRODUCT_NAME = "$(TARGET_NAME)";
				SWIFT_VERSION = 4.0;
				TARGETED_DEVICE_FAMILY = "1,2";
				TEST_TARGET_NAME = PermissionModel;
			};
			name = Release;
		};
/* End XCBuildConfiguration section */

/* Begin XCConfigurationList section */
		84A550471FFE3795000DCE81 /* Build configuration list for PBXProject "PermissionModel" */ = {
			isa = XCConfigurationList;
			buildConfigurations = (
				84A550721FFE3796000DCE81 /* Debug */,
				84A550731FFE3796000DCE81 /* Release */,
			);
			defaultConfigurationIsVisible = 0;
			defaultConfigurationName = Release;
		};
		84A550741FFE3796000DCE81 /* Build configuration list for PBXNativeTarget "PermissionModel" */ = {
			isa = XCConfigurationList;
			buildConfigurations = (
				84A550751FFE3796000DCE81 /* Debug */,
				84A550761FFE3796000DCE81 /* Release */,
			);
			defaultConfigurationIsVisible = 0;
			defaultConfigurationName = Release;
		};
		84A550771FFE3796000DCE81 /* Build configuration list for PBXNativeTarget "PermissionModelTests" */ = {
			isa = XCConfigurationList;
			buildConfigurations = (
				84A550781FFE3796000DCE81 /* Debug */,
				84A550791FFE3796000DCE81 /* Release */,
			);
			defaultConfigurationIsVisible = 0;
			defaultConfigurationName = Release;
		};
		84A5507A1FFE3796000DCE81 /* Build configuration list for PBXNativeTarget "PermissionModelUITests" */ = {
			isa = XCConfigurationList;
			buildConfigurations = (
				84A5507B1FFE3796000DCE81 /* Debug */,
				84A5507C1FFE3796000DCE81 /* Release */,
			);
			defaultConfigurationIsVisible = 0;
			defaultConfigurationName = Release;
		};
/* End XCConfigurationList section */
	};
	rootObject = 84A550441FFE3795000DCE81 /* Project object */;
}
